
Microsoft Visual Studio Solution File, Format Version 12.00
Project("{FAE04EC0-301F-11D3-BF4B-00C04F79EFBC}") = "FixIt.Api", "FixIt.Api\FixIt.Api.csproj", "{80809C10-DC13-45B9-A5A4-90AFB9441BF9}"
EndProject
Project("{FAE04EC0-301F-11D3-BF4B-00C04F79EFBC}") = "FixIt.Data", "FixIt.Data\FixIt.Data.csproj", "{0EB3101C-86FA-431C-B888-00B457854203}"
EndProject
Project("{FAE04EC0-301F-11D3-BF4B-00C04F79EFBC}") = "FixIt.Services", "FixIt.Services\FixIt.Services.csproj", "{1FB883D8-EC13-40DF-B580-C7C6B3D4B45D}"
EndProject
Global
	GlobalSection(SolutionConfigurationPlatforms) = preSolution
		Debug|Any CPU = Debug|Any CPU
		Release|Any CPU = Release|Any CPU
	EndGlobalSection
	GlobalSection(ProjectConfigurationPlatforms) = postSolution
		{80809C10-DC13-45B9-A5A4-90AFB9441BF9}.Debug|Any CPU.ActiveCfg = Debug|Any CPU
		{80809C10-DC13-45B9-A5A4-90AFB9441BF9}.Debug|Any CPU.Build.0 = Debug|Any CPU
		{80809C10-DC13-45B9-A5A4-90AFB9441BF9}.Release|Any CPU.ActiveCfg = Release|Any CPU
		{80809C10-DC13-45B9-A5A4-90AFB9441BF9}.Release|Any CPU.Build.0 = Release|Any CPU
		{0EB3101C-86FA-431C-B888-00B457854203}.Debug|Any CPU.ActiveCfg = Debug|Any CPU
		{0EB3101C-86FA-431C-B888-00B457854203}.Debug|Any CPU.Build.0 = Debug|Any CPU
		{0EB3101C-86FA-431C-B888-00B457854203}.Release|Any CPU.ActiveCfg = Release|Any CPU
		{0EB3101C-86FA-431C-B888-00B457854203}.Release|Any CPU.Build.0 = Release|Any CPU
		{1FB883D8-EC13-40DF-B580-C7C6B3D4B45D}.Debug|Any CPU.ActiveCfg = Debug|Any CPU
		{1FB883D8-EC13-40DF-B580-C7C6B3D4B45D}.Debug|Any CPU.Build.0 = Debug|Any CPU
		{1FB883D8-EC13-40DF-B580-C7C6B3D4B45D}.Release|Any CPU.ActiveCfg = Release|Any CPU
		{1FB883D8-EC13-40DF-B580-C7C6B3D4B45D}.Release|Any CPU.Build.0 = Release|Any CPU
	EndGlobalSection
EndGlobal
