
Microsoft Visual Studio Solution File, Format Version 12.00
Project("{FAE04EC0-301F-11D3-BF4B-00C04F79EFBC}") = "FixIt.Api", "FixIt.Api\FixIt.Api.csproj", "{80809C10-DC13-45B9-A5A4-90AFB9441BF9}"
EndProject
Global
	GlobalSection(SolutionConfigurationPlatforms) = preSolution
		Debug|Any CPU = Debug|Any CPU
		Release|Any CPU = Release|Any CPU
	EndGlobalSection
	GlobalSection(ProjectConfigurationPlatforms) = postSolution
		{80809C10-DC13-45B9-A5A4-90AFB9441BF9}.Debug|Any CPU.ActiveCfg = Debug|Any CPU
		{80809C10-DC13-45B9-A5A4-90AFB9441BF9}.Debug|Any CPU.Build.0 = Debug|Any CPU
		{80809C10-DC13-45B9-A5A4-90AFB9441BF9}.Release|Any CPU.ActiveCfg = Release|Any CPU
		{80809C10-DC13-45B9-A5A4-90AFB9441BF9}.Release|Any CPU.Build.0 = Release|Any CPU
	EndGlobalSection
EndGlobal
